
Microsoft Visual Studio Solution File, Format Version 12.00
# Visual Studio Version 17
VisualStudioVersion = 17.11.35312.102
MinimumVisualStudioVersion = 10.0.40219.1
Project("{888888A0-9F3D-457C-B088-3A5042F75D52}") = "AccessingData", "AccessingData\AccessingData.pyproj", "{2D9A950F-090C-4AFB-AB46-19260148B680}"
EndProject
Global
	GlobalSection(SolutionConfigurationPlatforms) = preSolution
		Debug|Any CPU = Debug|Any CPU
		Release|Any CPU = Release|Any CPU
	EndGlobalSection
	GlobalSection(ProjectConfigurationPlatforms) = postSolution
		{2D9A950F-090C-4AFB-AB46-19260148B680}.Debug|Any CPU.ActiveCfg = Debug|Any CPU
		{2D9A950F-090C-4AFB-AB46-19260148B680}.Release|Any CPU.ActiveCfg = Release|Any CPU
	EndGlobalSection
	GlobalSection(SolutionProperties) = preSolution
		HideSolutionNode = FALSE
	EndGlobalSection
	GlobalSection(ExtensibilityGlobals) = postSolution
		SolutionGuid = {A4578439-9968-43BC-97BC-5DB347F7A01D}
	EndGlobalSection
EndGlobal
